// !$*UTF8*$!
{
	archiveVersion = 1;
	classes = {
	};
	objectVersion = 46;
	objects = {

/* Begin PBXBuildFile section */
		BF0CB83D1E7890B5009E3F7F /* Login.sks in Resources */ = {isa = PBXBuildFile; fileRef = BF0CB83C1E7890B5009E3F7F /* Login.sks */; };
		BF0CB83F1E7891EF009E3F7F /* Login.swift in Sources */ = {isa = PBXBuildFile; fileRef = BF0CB83E1E7891EF009E3F7F /* Login.swift */; };
		BF0CB8411E789A79009E3F7F /* LoginViewController.swift in Sources */ = {isa = PBXBuildFile; fileRef = BF0CB8401E789A79009E3F7F /* LoginViewController.swift */; };
		BF0CB8431E789ECE009E3F7F /* RegisterViewController.swift in Sources */ = {isa = PBXBuildFile; fileRef = BF0CB8421E789ECE009E3F7F /* RegisterViewController.swift */; };
		D28DBA141E721EFC0022F131 /* AppDelegate.swift in Sources */ = {isa = PBXBuildFile; fileRef = D28DBA131E721EFC0022F131 /* AppDelegate.swift */; };
		D28DBA161E721EFC0022F131 /* GameScene.sks in Resources */ = {isa = PBXBuildFile; fileRef = D28DBA151E721EFC0022F131 /* GameScene.sks */; };
		D28DBA1A1E721EFC0022F131 /* GameScene.swift in Sources */ = {isa = PBXBuildFile; fileRef = D28DBA191E721EFC0022F131 /* GameScene.swift */; };
		D28DBA1C1E721EFC0022F131 /* GameViewController.swift in Sources */ = {isa = PBXBuildFile; fileRef = D28DBA1B1E721EFC0022F131 /* GameViewController.swift */; };
		D28DBA1F1E721EFC0022F131 /* Main.storyboard in Resources */ = {isa = PBXBuildFile; fileRef = D28DBA1D1E721EFC0022F131 /* Main.storyboard */; };
		D28DBA211E721EFC0022F131 /* Assets.xcassets in Resources */ = {isa = PBXBuildFile; fileRef = D28DBA201E721EFC0022F131 /* Assets.xcassets */; };
		D28DBA241E721EFC0022F131 /* LaunchScreen.storyboard in Resources */ = {isa = PBXBuildFile; fileRef = D28DBA221E721EFC0022F131 /* LaunchScreen.storyboard */; };
		D28DBA2C1E771B8C0022F131 /* MainMenu.sks in Resources */ = {isa = PBXBuildFile; fileRef = D28DBA2B1E771B8C0022F131 /* MainMenu.sks */; };
		D28DBA2E1E771D910022F131 /* MainMenu.swift in Sources */ = {isa = PBXBuildFile; fileRef = D28DBA2D1E771D910022F131 /* MainMenu.swift */; };
		D28DBA301E7768C80022F131 /* RandomFunction.swift in Sources */ = {isa = PBXBuildFile; fileRef = D28DBA2F1E7768C80022F131 /* RandomFunction.swift */; };
		D28DBA321E789AD70022F131 /* Explosion.sks in Resources */ = {isa = PBXBuildFile; fileRef = D28DBA311E789AD70022F131 /* Explosion.sks */; };
		D28DBA3C1E78E0060022F131 /* BackgroundClass.swift in Sources */ = {isa = PBXBuildFile; fileRef = D28DBA3B1E78E0060022F131 /* BackgroundClass.swift */; };
		D28DBA3E1E78E4E60022F131 /* GroundClass.swift in Sources */ = {isa = PBXBuildFile; fileRef = D28DBA3D1E78E4E60022F131 /* GroundClass.swift */; };
		D28DBA421E78EB830022F131 /* Player.swift in Sources */ = {isa = PBXBuildFile; fileRef = D28DBA411E78EB830022F131 /* Player.swift */; };
		D28DBA4A1E79E81D0022F131 /* ItemClass.swift in Sources */ = {isa = PBXBuildFile; fileRef = D28DBA491E79E81D0022F131 /* ItemClass.swift */; };
		D28DBA4C1E7A5CD60022F131 /* PlatformClass.swift in Sources */ = {isa = PBXBuildFile; fileRef = D28DBA4B1E7A5CD60022F131 /* PlatformClass.swift */; };
/* End PBXBuildFile section */

/* Begin PBXFileReference section */
		BF0CB83C1E7890B5009E3F7F /* Login.sks */ = {isa = PBXFileReference; lastKnownFileType = file.sks; path = Login.sks; sourceTree = "<group>"; };
		BF0CB83E1E7891EF009E3F7F /* Login.swift */ = {isa = PBXFileReference; fileEncoding = 4; lastKnownFileType = sourcecode.swift; path = Login.swift; sourceTree = "<group>"; };
		BF0CB8401E789A79009E3F7F /* LoginViewController.swift */ = {isa = PBXFileReference; fileEncoding = 4; lastKnownFileType = sourcecode.swift; path = LoginViewController.swift; sourceTree = "<group>"; };
		BF0CB8421E789ECE009E3F7F /* RegisterViewController.swift */ = {isa = PBXFileReference; fileEncoding = 4; lastKnownFileType = sourcecode.swift; path = RegisterViewController.swift; sourceTree = "<group>"; };
		D28DBA101E721EFC0022F131 /* RunBevoRun.app */ = {isa = PBXFileReference; explicitFileType = wrapper.application; includeInIndex = 0; path = RunBevoRun.app; sourceTree = BUILT_PRODUCTS_DIR; };
		D28DBA131E721EFC0022F131 /* AppDelegate.swift */ = {isa = PBXFileReference; lastKnownFileType = sourcecode.swift; path = AppDelegate.swift; sourceTree = "<group>"; };
		D28DBA151E721EFC0022F131 /* GameScene.sks */ = {isa = PBXFileReference; lastKnownFileType = file.sks; path = GameScene.sks; sourceTree = "<group>"; };
		D28DBA191E721EFC0022F131 /* GameScene.swift */ = {isa = PBXFileReference; lastKnownFileType = sourcecode.swift; path = GameScene.swift; sourceTree = "<group>"; };
		D28DBA1B1E721EFC0022F131 /* GameViewController.swift */ = {isa = PBXFileReference; lastKnownFileType = sourcecode.swift; path = GameViewController.swift; sourceTree = "<group>"; };
		D28DBA1E1E721EFC0022F131 /* Base */ = {isa = PBXFileReference; lastKnownFileType = file.storyboard; name = Base; path = Base.lproj/Main.storyboard; sourceTree = "<group>"; };
		D28DBA201E721EFC0022F131 /* Assets.xcassets */ = {isa = PBXFileReference; lastKnownFileType = folder.assetcatalog; path = Assets.xcassets; sourceTree = "<group>"; };
		D28DBA231E721EFC0022F131 /* Base */ = {isa = PBXFileReference; lastKnownFileType = file.storyboard; name = Base; path = Base.lproj/LaunchScreen.storyboard; sourceTree = "<group>"; };
		D28DBA251E721EFC0022F131 /* Info.plist */ = {isa = PBXFileReference; lastKnownFileType = text.plist.xml; path = Info.plist; sourceTree = "<group>"; };
		D28DBA2B1E771B8C0022F131 /* MainMenu.sks */ = {isa = PBXFileReference; lastKnownFileType = file.sks; path = MainMenu.sks; sourceTree = "<group>"; };
		D28DBA2D1E771D910022F131 /* MainMenu.swift */ = {isa = PBXFileReference; fileEncoding = 4; lastKnownFileType = sourcecode.swift; path = MainMenu.swift; sourceTree = "<group>"; };
		D28DBA2F1E7768C80022F131 /* RandomFunction.swift */ = {isa = PBXFileReference; fileEncoding = 4; lastKnownFileType = sourcecode.swift; path = RandomFunction.swift; sourceTree = "<group>"; };
		D28DBA311E789AD70022F131 /* Explosion.sks */ = {isa = PBXFileReference; lastKnownFileType = file.sks; path = Explosion.sks; sourceTree = "<group>"; };
		D28DBA3B1E78E0060022F131 /* BackgroundClass.swift */ = {isa = PBXFileReference; fileEncoding = 4; lastKnownFileType = sourcecode.swift; path = BackgroundClass.swift; sourceTree = "<group>"; };
		D28DBA3D1E78E4E60022F131 /* GroundClass.swift */ = {isa = PBXFileReference; fileEncoding = 4; lastKnownFileType = sourcecode.swift; path = GroundClass.swift; sourceTree = "<group>"; };
		D28DBA411E78EB830022F131 /* Player.swift */ = {isa = PBXFileReference; fileEncoding = 4; lastKnownFileType = sourcecode.swift; path = Player.swift; sourceTree = "<group>"; };
		D28DBA491E79E81D0022F131 /* ItemClass.swift */ = {isa = PBXFileReference; fileEncoding = 4; lastKnownFileType = sourcecode.swift; path = ItemClass.swift; sourceTree = "<group>"; };
		D28DBA4B1E7A5CD60022F131 /* PlatformClass.swift */ = {isa = PBXFileReference; fileEncoding = 4; lastKnownFileType = sourcecode.swift; path = PlatformClass.swift; sourceTree = "<group>"; };
/* End PBXFileReference section */

/* Begin PBXFrameworksBuildPhase section */
		D28DBA0D1E721EFC0022F131 /* Frameworks */ = {
			isa = PBXFrameworksBuildPhase;
			buildActionMask = 2147483647;
			files = (
			);
			runOnlyForDeploymentPostprocessing = 0;
		};
/* End PBXFrameworksBuildPhase section */

/* Begin PBXGroup section */
		D28DBA071E721EFC0022F131 = {
			isa = PBXGroup;
			children = (
				D28DBA121E721EFC0022F131 /* RunBevoRun */,
				D28DBA111E721EFC0022F131 /* Products */,
			);
			sourceTree = "<group>";
		};
		D28DBA111E721EFC0022F131 /* Products */ = {
			isa = PBXGroup;
			children = (
				D28DBA101E721EFC0022F131 /* RunBevoRun.app */,
			);
			name = Products;
			sourceTree = "<group>";
		};
		D28DBA121E721EFC0022F131 /* RunBevoRun */ = {
			isa = PBXGroup;
			children = (
				D28DBA431E78EE4B0022F131 /* Player */,
				D28DBA381E78D9B20022F131 /* Classes */,
				D28DBA371E78D9800022F131 /* Scenes */,
				D28DBA2F1E7768C80022F131 /* RandomFunction.swift */,
				D28DBA131E721EFC0022F131 /* AppDelegate.swift */,
				D28DBA2D1E771D910022F131 /* MainMenu.swift */,
				D28DBA2B1E771B8C0022F131 /* MainMenu.sks */,
				D28DBA311E789AD70022F131 /* Explosion.sks */,
				D28DBA1B1E721EFC0022F131 /* GameViewController.swift */,
				D28DBA1D1E721EFC0022F131 /* Main.storyboard */,
				D28DBA201E721EFC0022F131 /* Assets.xcassets */,
				D28DBA221E721EFC0022F131 /* LaunchScreen.storyboard */,
				D28DBA251E721EFC0022F131 /* Info.plist */,
				BF0CB83C1E7890B5009E3F7F /* Login.sks */,
				BF0CB83E1E7891EF009E3F7F /* Login.swift */,
				BF0CB8401E789A79009E3F7F /* LoginViewController.swift */,
				BF0CB8421E789ECE009E3F7F /* RegisterViewController.swift */,
			);
			path = RunBevoRun;
			sourceTree = "<group>";
		};
		D28DBA371E78D9800022F131 /* Scenes */ = {
			isa = PBXGroup;
			children = (
				D28DBA3A1E78DFB40022F131 /* Background & Ground Classes */,
				D28DBA391E78DFA20022F131 /* GameScenes */,
			);
			name = Scenes;
			sourceTree = "<group>";
		};
		D28DBA381E78D9B20022F131 /* Classes */ = {
			isa = PBXGroup;
			children = (
				D28DBA481E79E8090022F131 /* Item Classes */,
				D28DBA401E78EB6D0022F131 /* Player Classes */,
				D28DBA3F1E78EB600022F131 /* Scene Classes */,
			);
			name = Classes;
			sourceTree = "<group>";
		};
		D28DBA391E78DFA20022F131 /* GameScenes */ = {
			isa = PBXGroup;
			children = (
				D28DBA151E721EFC0022F131 /* GameScene.sks */,
			);
			name = GameScenes;
			sourceTree = "<group>";
		};
		D28DBA3A1E78DFB40022F131 /* Background & Ground Classes */ = {
			isa = PBXGroup;
			children = (
				D28DBA3B1E78E0060022F131 /* BackgroundClass.swift */,
				D28DBA3D1E78E4E60022F131 /* GroundClass.swift */,
			);
			name = "Background & Ground Classes";
			sourceTree = "<group>";
		};
		D28DBA3F1E78EB600022F131 /* Scene Classes */ = {
			isa = PBXGroup;
			children = (
				D28DBA191E721EFC0022F131 /* GameScene.swift */,
			);
			name = "Scene Classes";
			sourceTree = "<group>";
		};
		D28DBA401E78EB6D0022F131 /* Player Classes */ = {
			isa = PBXGroup;
			children = (
				D28DBA411E78EB830022F131 /* Player.swift */,
			);
			name = "Player Classes";
			sourceTree = "<group>";
		};
		D28DBA431E78EE4B0022F131 /* Player */ = {
			isa = PBXGroup;
			children = (
			);
			name = Player;
			sourceTree = "<group>";
		};
		D28DBA481E79E8090022F131 /* Item Classes */ = {
			isa = PBXGroup;
			children = (
				D28DBA491E79E81D0022F131 /* ItemClass.swift */,
				D28DBA4B1E7A5CD60022F131 /* PlatformClass.swift */,
			);
			name = "Item Classes";
			sourceTree = "<group>";
		};
/* End PBXGroup section */

/* Begin PBXNativeTarget section */
		D28DBA0F1E721EFC0022F131 /* RunBevoRun */ = {
			isa = PBXNativeTarget;
			buildConfigurationList = D28DBA281E721EFC0022F131 /* Build configuration list for PBXNativeTarget "RunBevoRun" */;
			buildPhases = (
				D28DBA0C1E721EFC0022F131 /* Sources */,
				D28DBA0D1E721EFC0022F131 /* Frameworks */,
				D28DBA0E1E721EFC0022F131 /* Resources */,
			);
			buildRules = (
			);
			dependencies = (
			);
			name = RunBevoRun;
			productName = RunBevoRun;
			productReference = D28DBA101E721EFC0022F131 /* RunBevoRun.app */;
			productType = "com.apple.product-type.application";
		};
/* End PBXNativeTarget section */

/* Begin PBXProject section */
		D28DBA081E721EFC0022F131 /* Project object */ = {
			isa = PBXProject;
			attributes = {
				LastSwiftUpdateCheck = 0820;
				LastUpgradeCheck = 0820;
				ORGANIZATIONNAME = Chiquini;
				TargetAttributes = {
					D28DBA0F1E721EFC0022F131 = {
						CreatedOnToolsVersion = 8.2.1;
						ProvisioningStyle = Automatic;
					};
				};
			};
			buildConfigurationList = D28DBA0B1E721EFC0022F131 /* Build configuration list for PBXProject "RunBevoRun" */;
			compatibilityVersion = "Xcode 3.2";
			developmentRegion = English;
			hasScannedForEncodings = 0;
			knownRegions = (
				en,
				Base,
			);
			mainGroup = D28DBA071E721EFC0022F131;
			productRefGroup = D28DBA111E721EFC0022F131 /* Products */;
			projectDirPath = "";
			projectRoot = "";
			targets = (
				D28DBA0F1E721EFC0022F131 /* RunBevoRun */,
			);
		};
/* End PBXProject section */

/* Begin PBXResourcesBuildPhase section */
		D28DBA0E1E721EFC0022F131 /* Resources */ = {
			isa = PBXResourcesBuildPhase;
			buildActionMask = 2147483647;
			files = (
				D28DBA1F1E721EFC0022F131 /* Main.storyboard in Resources */,
				D28DBA2C1E771B8C0022F131 /* MainMenu.sks in Resources */,
				D28DBA161E721EFC0022F131 /* GameScene.sks in Resources */,
				D28DBA211E721EFC0022F131 /* Assets.xcassets in Resources */,
				D28DBA241E721EFC0022F131 /* LaunchScreen.storyboard in Resources */,
				D28DBA321E789AD70022F131 /* Explosion.sks in Resources */,
				BF0CB83D1E7890B5009E3F7F /* Login.sks in Resources */,
			);
			runOnlyForDeploymentPostprocessing = 0;
		};
/* End PBXResourcesBuildPhase section */

/* Begin PBXSourcesBuildPhase section */
		D28DBA0C1E721EFC0022F131 /* Sources */ = {
			isa = PBXSourcesBuildPhase;
			buildActionMask = 2147483647;
			files = (
				D28DBA421E78EB830022F131 /* Player.swift in Sources */,
				BF0CB8411E789A79009E3F7F /* LoginViewController.swift in Sources */,
				D28DBA1A1E721EFC0022F131 /* GameScene.swift in Sources */,
				D28DBA1C1E721EFC0022F131 /* GameViewController.swift in Sources */,
				D28DBA3E1E78E4E60022F131 /* GroundClass.swift in Sources */,
				BF0CB8431E789ECE009E3F7F /* RegisterViewController.swift in Sources */,
				D28DBA141E721EFC0022F131 /* AppDelegate.swift in Sources */,
				D28DBA4A1E79E81D0022F131 /* ItemClass.swift in Sources */,
				BF0CB83F1E7891EF009E3F7F /* Login.swift in Sources */,
				D28DBA301E7768C80022F131 /* RandomFunction.swift in Sources */,
				D28DBA2E1E771D910022F131 /* MainMenu.swift in Sources */,
				D28DBA3C1E78E0060022F131 /* BackgroundClass.swift in Sources */,
				D28DBA4C1E7A5CD60022F131 /* PlatformClass.swift in Sources */,
			);
			runOnlyForDeploymentPostprocessing = 0;
		};
/* End PBXSourcesBuildPhase section */

/* Begin PBXVariantGroup section */
		D28DBA1D1E721EFC0022F131 /* Main.storyboard */ = {
			isa = PBXVariantGroup;
			children = (
				D28DBA1E1E721EFC0022F131 /* Base */,
			);
			name = Main.storyboard;
			sourceTree = "<group>";
		};
		D28DBA221E721EFC0022F131 /* LaunchScreen.storyboard */ = {
			isa = PBXVariantGroup;
			children = (
				D28DBA231E721EFC0022F131 /* Base */,
			);
			name = LaunchScreen.storyboard;
			sourceTree = "<group>";
		};
/* End PBXVariantGroup section */

/* Begin XCBuildConfiguration section */
		D28DBA261E721EFC0022F131 /* Debug */ = {
			isa = XCBuildConfiguration;
			buildSettings = {
				ALWAYS_SEARCH_USER_PATHS = NO;
				CLANG_ANALYZER_NONNULL = YES;
				CLANG_CXX_LANGUAGE_STANDARD = "gnu++0x";
				CLANG_CXX_LIBRARY = "libc++";
				CLANG_ENABLE_MODULES = YES;
				CLANG_ENABLE_OBJC_ARC = YES;
				CLANG_WARN_BOOL_CONVERSION = YES;
				CLANG_WARN_CONSTANT_CONVERSION = YES;
				CLANG_WARN_DIRECT_OBJC_ISA_USAGE = YES_ERROR;
				CLANG_WARN_DOCUMENTATION_COMMENTS = YES;
				CLANG_WARN_EMPTY_BODY = YES;
				CLANG_WARN_ENUM_CONVERSION = YES;
				CLANG_WARN_INFINITE_RECURSION = YES;
				CLANG_WARN_INT_CONVERSION = YES;
				CLANG_WARN_OBJC_ROOT_CLASS = YES_ERROR;
				CLANG_WARN_SUSPICIOUS_MOVE = YES;
				CLANG_WARN_UNREACHABLE_CODE = YES;
				CLANG_WARN__DUPLICATE_METHOD_MATCH = YES;
				"CODE_SIGN_IDENTITY[sdk=iphoneos*]" = "iPhone Developer";
				COPY_PHASE_STRIP = NO;
				DEBUG_INFORMATION_FORMAT = dwarf;
				ENABLE_STRICT_OBJC_MSGSEND = YES;
				ENABLE_TESTABILITY = YES;
				GCC_C_LANGUAGE_STANDARD = gnu99;
				GCC_DYNAMIC_NO_PIC = NO;
				GCC_NO_COMMON_BLOCKS = YES;
				GCC_OPTIMIZATION_LEVEL = 0;
				GCC_PREPROCESSOR_DEFINITIONS = (
					"DEBUG=1",
					"$(inherited)",
				);
				GCC_WARN_64_TO_32_BIT_CONVERSION = YES;
				GCC_WARN_ABOUT_RETURN_TYPE = YES_ERROR;
				GCC_WARN_UNDECLARED_SELECTOR = YES;
				GCC_WARN_UNINITIALIZED_AUTOS = YES_AGGRESSIVE;
				GCC_WARN_UNUSED_FUNCTION = YES;
				GCC_WARN_UNUSED_VARIABLE = YES;
				IPHONEOS_DEPLOYMENT_TARGET = 10.2;
				MTL_ENABLE_DEBUG_INFO = YES;
				ONLY_ACTIVE_ARCH = YES;
				SDKROOT = iphoneos;
				SWIFT_ACTIVE_COMPILATION_CONDITIONS = DEBUG;
				SWIFT_OPTIMIZATION_LEVEL = "-Onone";
			};
			name = Debug;
		};
		D28DBA271E721EFC0022F131 /* Release */ = {
			isa = XCBuildConfiguration;
			buildSettings = {
				ALWAYS_SEARCH_USER_PATHS = NO;
				CLANG_ANALYZER_NONNULL = YES;
				CLANG_CXX_LANGUAGE_STANDARD = "gnu++0x";
				CLANG_CXX_LIBRARY = "libc++";
				CLANG_ENABLE_MODULES = YES;
				CLANG_ENABLE_OBJC_ARC = YES;
				CLANG_WARN_BOOL_CONVERSION = YES;
				CLANG_WARN_CONSTANT_CONVERSION = YES;
				CLANG_WARN_DIRECT_OBJC_ISA_USAGE = YES_ERROR;
				CLANG_WARN_DOCUMENTATION_COMMENTS = YES;
				CLANG_WARN_EMPTY_BODY = YES;
				CLANG_WARN_ENUM_CONVERSION = YES;
				CLANG_WARN_INFINITE_RECURSION = YES;
				CLANG_WARN_INT_CONVERSION = YES;
				CLANG_WARN_OBJC_ROOT_CLASS = YES_ERROR;
				CLANG_WARN_SUSPICIOUS_MOVE = YES;
				CLANG_WARN_UNREACHABLE_CODE = YES;
				CLANG_WARN__DUPLICATE_METHOD_MATCH = YES;
				"CODE_SIGN_IDENTITY[sdk=iphoneos*]" = "iPhone Developer";
				COPY_PHASE_STRIP = NO;
				DEBUG_INFORMATION_FORMAT = "dwarf-with-dsym";
				ENABLE_NS_ASSERTIONS = NO;
				ENABLE_STRICT_OBJC_MSGSEND = YES;
				GCC_C_LANGUAGE_STANDARD = gnu99;
				GCC_NO_COMMON_BLOCKS = YES;
				GCC_WARN_64_TO_32_BIT_CONVERSION = YES;
				GCC_WARN_ABOUT_RETURN_TYPE = YES_ERROR;
				GCC_WARN_UNDECLARED_SELECTOR = YES;
				GCC_WARN_UNINITIALIZED_AUTOS = YES_AGGRESSIVE;
				GCC_WARN_UNUSED_FUNCTION = YES;
				GCC_WARN_UNUSED_VARIABLE = YES;
				IPHONEOS_DEPLOYMENT_TARGET = 10.2;
				MTL_ENABLE_DEBUG_INFO = NO;
				SDKROOT = iphoneos;
				SWIFT_OPTIMIZATION_LEVEL = "-Owholemodule";
				VALIDATE_PRODUCT = YES;
			};
			name = Release;
		};
		D28DBA291E721EFC0022F131 /* Debug */ = {
			isa = XCBuildConfiguration;
			buildSettings = {
				ASSETCATALOG_COMPILER_APPICON_NAME = AppIcon;
				INFOPLIST_FILE = RunBevoRun/Info.plist;
				LD_RUNPATH_SEARCH_PATHS = "$(inherited) @executable_path/Frameworks";
				PRODUCT_BUNDLE_IDENTIFIER = com.patriziochiquini.RunBevoRun;
				PRODUCT_NAME = "$(TARGET_NAME)";
				SWIFT_VERSION = 3.0;
			};
			name = Debug;
		};
		D28DBA2A1E721EFC0022F131 /* Release */ = {
			isa = XCBuildConfiguration;
			buildSettings = {
				ASSETCATALOG_COMPILER_APPICON_NAME = AppIcon;
				INFOPLIST_FILE = RunBevoRun/Info.plist;
				LD_RUNPATH_SEARCH_PATHS = "$(inherited) @executable_path/Frameworks";
				PRODUCT_BUNDLE_IDENTIFIER = com.patriziochiquini.RunBevoRun;
				PRODUCT_NAME = "$(TARGET_NAME)";
				SWIFT_VERSION = 3.0;
			};
			name = Release;
		};
/* End XCBuildConfiguration section */

/* Begin XCConfigurationList section */
		D28DBA0B1E721EFC0022F131 /* Build configuration list for PBXProject "RunBevoRun" */ = {
			isa = XCConfigurationList;
			buildConfigurations = (
				D28DBA261E721EFC0022F131 /* Debug */,
				D28DBA271E721EFC0022F131 /* Release */,
			);
			defaultConfigurationIsVisible = 0;
			defaultConfigurationName = Release;
		};
		D28DBA281E721EFC0022F131 /* Build configuration list for PBXNativeTarget "RunBevoRun" */ = {
			isa = XCConfigurationList;
			buildConfigurations = (
				D28DBA291E721EFC0022F131 /* Debug */,
				D28DBA2A1E721EFC0022F131 /* Release */,
			);
			defaultConfigurationIsVisible = 0;
			defaultConfigurationName = Release;
		};
/* End XCConfigurationList section */
	};
	rootObject = D28DBA081E721EFC0022F131 /* Project object */;
}
