// !$*UTF8*$!
{
	archiveVersion = 1;
	classes = {
	};
	objectVersion = 46;
	objects = {

/* Begin PBXBuildFile section */
		607D54101E85B6B2005AA131 /* bevo1.png in Resources */ = {isa = PBXBuildFile; fileRef = 607D540D1E85B6B2005AA131 /* bevo1.png */; };
		607D54111E85B6B2005AA131 /* bevo2.png in Resources */ = {isa = PBXBuildFile; fileRef = 607D540E1E85B6B2005AA131 /* bevo2.png */; };
		607D54121E85B6B2005AA131 /* bevo3.png in Resources */ = {isa = PBXBuildFile; fileRef = 607D540F1E85B6B2005AA131 /* bevo3.png */; };
		60E9439A1E806CC2005E45DB /* Fight.mp3 in Resources */ = {isa = PBXBuildFile; fileRef = 60E943961E806CC2005E45DB /* Fight.mp3 */; };
		60E9439B1E806CC2005E45DB /* Texas.mp3 in Resources */ = {isa = PBXBuildFile; fileRef = 60E943971E806CC2005E45DB /* Texas.mp3 */; };
		60E9439C1E806CC2005E45DB /* jumping.mp3 in Resources */ = {isa = PBXBuildFile; fileRef = 60E943981E806CC2005E45DB /* jumping.mp3 */; };
		60E9439D1E806CC2005E45DB /* points.mp3 in Resources */ = {isa = PBXBuildFile; fileRef = 60E943991E806CC2005E45DB /* points.mp3 */; };
		60E943A31E806D9B005E45DB /* GameScene.mp3 in Resources */ = {isa = PBXBuildFile; fileRef = 60E943A01E806D9B005E45DB /* GameScene.mp3 */; };
		60E943A51E806D9B005E45DB /* Trivia.mp3 in Resources */ = {isa = PBXBuildFile; fileRef = 60E943A21E806D9B005E45DB /* Trivia.mp3 */; };
		60E943A71E806DEA005E45DB /* MainMenu.mp3 in Resources */ = {isa = PBXBuildFile; fileRef = 60E943A61E806DEA005E45DB /* MainMenu.mp3 */; };
		60E943AA1E81A0D7005E45DB /* GameRules.sks in Resources */ = {isa = PBXBuildFile; fileRef = 60E943A91E81A0D7005E45DB /* GameRules.sks */; };
		60E943AC1E81A0F5005E45DB /* GameOver.sks in Resources */ = {isa = PBXBuildFile; fileRef = 60E943AB1E81A0F5005E45DB /* GameOver.sks */; };
		60E943AE1E81A110005E45DB /* GameRules.swift in Sources */ = {isa = PBXBuildFile; fileRef = 60E943AD1E81A110005E45DB /* GameRules.swift */; };
		60E943B11E81A9E6005E45DB /* ChangeCharacter.swift in Sources */ = {isa = PBXBuildFile; fileRef = 60E943B01E81A9E6005E45DB /* ChangeCharacter.swift */; };
		60E943B31E81A9F0005E45DB /* ChangeCharacter.sks in Resources */ = {isa = PBXBuildFile; fileRef = 60E943B21E81A9F0005E45DB /* ChangeCharacter.sks */; };
		60E943B51E81B20A005E45DB /* GameOver.swift in Sources */ = {isa = PBXBuildFile; fileRef = 60E943B41E81B20A005E45DB /* GameOver.swift */; };
		BF0CB8411E789A79009E3F7F /* LoginViewController.swift in Sources */ = {isa = PBXBuildFile; fileRef = BF0CB8401E789A79009E3F7F /* LoginViewController.swift */; };
		BF0CB8431E789ECE009E3F7F /* RegisterViewController.swift in Sources */ = {isa = PBXBuildFile; fileRef = BF0CB8421E789ECE009E3F7F /* RegisterViewController.swift */; };
		BF7E22FF1E84737F001FA179 /* Trivia.sks in Resources */ = {isa = PBXBuildFile; fileRef = BF7E22FE1E84737F001FA179 /* Trivia.sks */; };
		BF7E23011E8474E3001FA179 /* Trivia.swift in Sources */ = {isa = PBXBuildFile; fileRef = BF7E23001E8474E3001FA179 /* Trivia.swift */; };
		BF845C4D1E80435100FA20DB /* TriviaViewController.swift in Sources */ = {isa = PBXBuildFile; fileRef = BF845C4C1E80435100FA20DB /* TriviaViewController.swift */; };
		D2859AFE1E8377CB000F7679 /* Congratulations.sks in Resources */ = {isa = PBXBuildFile; fileRef = D2859AFD1E8377CB000F7679 /* Congratulations.sks */; };
		D2859B001E8377E6000F7679 /* LevelCompleted.sks in Resources */ = {isa = PBXBuildFile; fileRef = D2859AFF1E8377E6000F7679 /* LevelCompleted.sks */; };
		D2859B061E837881000F7679 /* Congratulations.swift in Sources */ = {isa = PBXBuildFile; fileRef = D2859B051E837881000F7679 /* Congratulations.swift */; };
		D2859B081E837898000F7679 /* LevelCompleted.swift in Sources */ = {isa = PBXBuildFile; fileRef = D2859B071E837898000F7679 /* LevelCompleted.swift */; };
		D28DBA141E721EFC0022F131 /* AppDelegate.swift in Sources */ = {isa = PBXBuildFile; fileRef = D28DBA131E721EFC0022F131 /* AppDelegate.swift */; };
		D28DBA161E721EFC0022F131 /* GameScene.sks in Resources */ = {isa = PBXBuildFile; fileRef = D28DBA151E721EFC0022F131 /* GameScene.sks */; };
		D28DBA1A1E721EFC0022F131 /* GameScene.swift in Sources */ = {isa = PBXBuildFile; fileRef = D28DBA191E721EFC0022F131 /* GameScene.swift */; };
		D28DBA1C1E721EFC0022F131 /* GameViewController.swift in Sources */ = {isa = PBXBuildFile; fileRef = D28DBA1B1E721EFC0022F131 /* GameViewController.swift */; };
		D28DBA1F1E721EFC0022F131 /* Main.storyboard in Resources */ = {isa = PBXBuildFile; fileRef = D28DBA1D1E721EFC0022F131 /* Main.storyboard */; };
		D28DBA211E721EFC0022F131 /* Assets.xcassets in Resources */ = {isa = PBXBuildFile; fileRef = D28DBA201E721EFC0022F131 /* Assets.xcassets */; };
		D28DBA241E721EFC0022F131 /* LaunchScreen.storyboard in Resources */ = {isa = PBXBuildFile; fileRef = D28DBA221E721EFC0022F131 /* LaunchScreen.storyboard */; };
		D28DBA2C1E771B8C0022F131 /* MainMenu.sks in Resources */ = {isa = PBXBuildFile; fileRef = D28DBA2B1E771B8C0022F131 /* MainMenu.sks */; };
		D28DBA2E1E771D910022F131 /* MainMenu.swift in Sources */ = {isa = PBXBuildFile; fileRef = D28DBA2D1E771D910022F131 /* MainMenu.swift */; };
		D28DBA321E789AD70022F131 /* Explosion.sks in Resources */ = {isa = PBXBuildFile; fileRef = D28DBA311E789AD70022F131 /* Explosion.sks */; };
		D28DBA3C1E78E0060022F131 /* BackgroundClass.swift in Sources */ = {isa = PBXBuildFile; fileRef = D28DBA3B1E78E0060022F131 /* BackgroundClass.swift */; };
		D28DBA3E1E78E4E60022F131 /* GroundClass.swift in Sources */ = {isa = PBXBuildFile; fileRef = D28DBA3D1E78E4E60022F131 /* GroundClass.swift */; };
		D28DBA421E78EB830022F131 /* Player.swift in Sources */ = {isa = PBXBuildFile; fileRef = D28DBA411E78EB830022F131 /* Player.swift */; };
		D28DBA4A1E79E81D0022F131 /* ItemClass.swift in Sources */ = {isa = PBXBuildFile; fileRef = D28DBA491E79E81D0022F131 /* ItemClass.swift */; };
		D28DBA4C1E7A5CD60022F131 /* PlatformClass.swift in Sources */ = {isa = PBXBuildFile; fileRef = D28DBA4B1E7A5CD60022F131 /* PlatformClass.swift */; };
		D28DBA4E1E7A635B0022F131 /* explosion.mp3 in Resources */ = {isa = PBXBuildFile; fileRef = D28DBA4D1E7A635B0022F131 /* explosion.mp3 */; };
		D28DBA531E7A69060022F131 /* MagicField.sks in Resources */ = {isa = PBXBuildFile; fileRef = D28DBA521E7A69060022F131 /* MagicField.sks */; };
/* End PBXBuildFile section */

/* Begin PBXFileReference section */
		607D540D1E85B6B2005AA131 /* bevo1.png */ = {isa = PBXFileReference; lastKnownFileType = image.png; name = bevo1.png; path = "../../UI Graphics/Bevo/bevo1.png"; sourceTree = "<group>"; };
		607D540E1E85B6B2005AA131 /* bevo2.png */ = {isa = PBXFileReference; lastKnownFileType = image.png; name = bevo2.png; path = "../../UI Graphics/Bevo/bevo2.png"; sourceTree = "<group>"; };
		607D540F1E85B6B2005AA131 /* bevo3.png */ = {isa = PBXFileReference; lastKnownFileType = image.png; name = bevo3.png; path = "../../UI Graphics/Bevo/bevo3.png"; sourceTree = "<group>"; };
		60E943961E806CC2005E45DB /* Fight.mp3 */ = {isa = PBXFileReference; lastKnownFileType = audio.mp3; name = Fight.mp3; path = ../../Collisions/Fight.mp3; sourceTree = "<group>"; };
		60E943971E806CC2005E45DB /* Texas.mp3 */ = {isa = PBXFileReference; lastKnownFileType = audio.mp3; name = Texas.mp3; path = ../../Collisions/Texas.mp3; sourceTree = "<group>"; };
		60E943981E806CC2005E45DB /* jumping.mp3 */ = {isa = PBXFileReference; lastKnownFileType = audio.mp3; name = jumping.mp3; path = ../../Collisions/jumping.mp3; sourceTree = "<group>"; };
		60E943991E806CC2005E45DB /* points.mp3 */ = {isa = PBXFileReference; lastKnownFileType = audio.mp3; name = points.mp3; path = ../../Collisions/points.mp3; sourceTree = "<group>"; };
		60E943A01E806D9B005E45DB /* GameScene.mp3 */ = {isa = PBXFileReference; lastKnownFileType = audio.mp3; name = GameScene.mp3; path = ../../Backgrounds/GameScene.mp3; sourceTree = "<group>"; };
		60E943A21E806D9B005E45DB /* Trivia.mp3 */ = {isa = PBXFileReference; lastKnownFileType = audio.mp3; name = Trivia.mp3; path = ../../Backgrounds/Trivia.mp3; sourceTree = "<group>"; };
		60E943A61E806DEA005E45DB /* MainMenu.mp3 */ = {isa = PBXFileReference; lastKnownFileType = audio.mp3; name = MainMenu.mp3; path = ../../Backgrounds/MainMenu.mp3; sourceTree = "<group>"; };
		60E943A91E81A0D7005E45DB /* GameRules.sks */ = {isa = PBXFileReference; lastKnownFileType = file.sks; path = GameRules.sks; sourceTree = "<group>"; };
		60E943AB1E81A0F5005E45DB /* GameOver.sks */ = {isa = PBXFileReference; lastKnownFileType = file.sks; path = GameOver.sks; sourceTree = "<group>"; };
		60E943AD1E81A110005E45DB /* GameRules.swift */ = {isa = PBXFileReference; fileEncoding = 4; lastKnownFileType = sourcecode.swift; path = GameRules.swift; sourceTree = "<group>"; };
		60E943B01E81A9E6005E45DB /* ChangeCharacter.swift */ = {isa = PBXFileReference; fileEncoding = 4; lastKnownFileType = sourcecode.swift; path = ChangeCharacter.swift; sourceTree = "<group>"; };
		60E943B21E81A9F0005E45DB /* ChangeCharacter.sks */ = {isa = PBXFileReference; lastKnownFileType = file.sks; path = ChangeCharacter.sks; sourceTree = "<group>"; };
		60E943B41E81B20A005E45DB /* GameOver.swift */ = {isa = PBXFileReference; fileEncoding = 4; lastKnownFileType = sourcecode.swift; path = GameOver.swift; sourceTree = "<group>"; };
		BF0CB8401E789A79009E3F7F /* LoginViewController.swift */ = {isa = PBXFileReference; fileEncoding = 4; lastKnownFileType = sourcecode.swift; path = LoginViewController.swift; sourceTree = "<group>"; };
		BF0CB8421E789ECE009E3F7F /* RegisterViewController.swift */ = {isa = PBXFileReference; fileEncoding = 4; lastKnownFileType = sourcecode.swift; path = RegisterViewController.swift; sourceTree = "<group>"; };
		BF7E22FE1E84737F001FA179 /* Trivia.sks */ = {isa = PBXFileReference; lastKnownFileType = file.sks; path = Trivia.sks; sourceTree = "<group>"; };
		BF7E23001E8474E3001FA179 /* Trivia.swift */ = {isa = PBXFileReference; fileEncoding = 4; lastKnownFileType = sourcecode.swift; path = Trivia.swift; sourceTree = "<group>"; };
		BF845C4C1E80435100FA20DB /* TriviaViewController.swift */ = {isa = PBXFileReference; fileEncoding = 4; lastKnownFileType = sourcecode.swift; path = TriviaViewController.swift; sourceTree = "<group>"; };
		D2859AFD1E8377CB000F7679 /* Congratulations.sks */ = {isa = PBXFileReference; lastKnownFileType = file.sks; path = Congratulations.sks; sourceTree = "<group>"; };
		D2859AFF1E8377E6000F7679 /* LevelCompleted.sks */ = {isa = PBXFileReference; lastKnownFileType = file.sks; path = LevelCompleted.sks; sourceTree = "<group>"; };
		D2859B051E837881000F7679 /* Congratulations.swift */ = {isa = PBXFileReference; fileEncoding = 4; lastKnownFileType = sourcecode.swift; path = Congratulations.swift; sourceTree = "<group>"; };
		D2859B071E837898000F7679 /* LevelCompleted.swift */ = {isa = PBXFileReference; fileEncoding = 4; lastKnownFileType = sourcecode.swift; path = LevelCompleted.swift; sourceTree = "<group>"; };
		D28DBA101E721EFC0022F131 /* RunBevoRun.app */ = {isa = PBXFileReference; explicitFileType = wrapper.application; includeInIndex = 0; path = RunBevoRun.app; sourceTree = BUILT_PRODUCTS_DIR; };
		D28DBA131E721EFC0022F131 /* AppDelegate.swift */ = {isa = PBXFileReference; lastKnownFileType = sourcecode.swift; path = AppDelegate.swift; sourceTree = "<group>"; };
		D28DBA151E721EFC0022F131 /* GameScene.sks */ = {isa = PBXFileReference; lastKnownFileType = file.sks; path = GameScene.sks; sourceTree = "<group>"; };
		D28DBA191E721EFC0022F131 /* GameScene.swift */ = {isa = PBXFileReference; lastKnownFileType = sourcecode.swift; path = GameScene.swift; sourceTree = "<group>"; };
		D28DBA1B1E721EFC0022F131 /* GameViewController.swift */ = {isa = PBXFileReference; lastKnownFileType = sourcecode.swift; path = GameViewController.swift; sourceTree = "<group>"; };
		D28DBA1E1E721EFC0022F131 /* Base */ = {isa = PBXFileReference; lastKnownFileType = file.storyboard; name = Base; path = Base.lproj/Main.storyboard; sourceTree = "<group>"; };
		D28DBA201E721EFC0022F131 /* Assets.xcassets */ = {isa = PBXFileReference; lastKnownFileType = folder.assetcatalog; path = Assets.xcassets; sourceTree = "<group>"; };
		D28DBA231E721EFC0022F131 /* Base */ = {isa = PBXFileReference; lastKnownFileType = file.storyboard; name = Base; path = Base.lproj/LaunchScreen.storyboard; sourceTree = "<group>"; };
		D28DBA251E721EFC0022F131 /* Info.plist */ = {isa = PBXFileReference; lastKnownFileType = text.plist.xml; path = Info.plist; sourceTree = "<group>"; };
		D28DBA2B1E771B8C0022F131 /* MainMenu.sks */ = {isa = PBXFileReference; lastKnownFileType = file.sks; path = MainMenu.sks; sourceTree = "<group>"; };
		D28DBA2D1E771D910022F131 /* MainMenu.swift */ = {isa = PBXFileReference; fileEncoding = 4; lastKnownFileType = sourcecode.swift; path = MainMenu.swift; sourceTree = "<group>"; };
		D28DBA311E789AD70022F131 /* Explosion.sks */ = {isa = PBXFileReference; lastKnownFileType = file.sks; path = Explosion.sks; sourceTree = "<group>"; };
		D28DBA3B1E78E0060022F131 /* BackgroundClass.swift */ = {isa = PBXFileReference; fileEncoding = 4; lastKnownFileType = sourcecode.swift; path = BackgroundClass.swift; sourceTree = "<group>"; };
		D28DBA3D1E78E4E60022F131 /* GroundClass.swift */ = {isa = PBXFileReference; fileEncoding = 4; lastKnownFileType = sourcecode.swift; path = GroundClass.swift; sourceTree = "<group>"; };
		D28DBA411E78EB830022F131 /* Player.swift */ = {isa = PBXFileReference; fileEncoding = 4; lastKnownFileType = sourcecode.swift; path = Player.swift; sourceTree = "<group>"; };
		D28DBA491E79E81D0022F131 /* ItemClass.swift */ = {isa = PBXFileReference; fileEncoding = 4; lastKnownFileType = sourcecode.swift; path = ItemClass.swift; sourceTree = "<group>"; };
		D28DBA4B1E7A5CD60022F131 /* PlatformClass.swift */ = {isa = PBXFileReference; fileEncoding = 4; lastKnownFileType = sourcecode.swift; path = PlatformClass.swift; sourceTree = "<group>"; };
		D28DBA4D1E7A635B0022F131 /* explosion.mp3 */ = {isa = PBXFileReference; lastKnownFileType = audio.mp3; path = explosion.mp3; sourceTree = "<group>"; };
		D28DBA521E7A69060022F131 /* MagicField.sks */ = {isa = PBXFileReference; lastKnownFileType = file.sks; path = MagicField.sks; sourceTree = "<group>"; };
/* End PBXFileReference section */

/* Begin PBXFrameworksBuildPhase section */
		D28DBA0D1E721EFC0022F131 /* Frameworks */ = {
			isa = PBXFrameworksBuildPhase;
			buildActionMask = 2147483647;
			files = (
			);
			runOnlyForDeploymentPostprocessing = 0;
		};
/* End PBXFrameworksBuildPhase section */

/* Begin PBXGroup section */
		60E943931E80646F005E45DB /* Character */ = {
			isa = PBXGroup;
			children = (
				60E943981E806CC2005E45DB /* jumping.mp3 */,
			);
			name = Character;
			sourceTree = "<group>";
		};
		60E943941E806477005E45DB /* Backgrounds */ = {
			isa = PBXGroup;
			children = (
				60E943A61E806DEA005E45DB /* MainMenu.mp3 */,
				60E943A01E806D9B005E45DB /* GameScene.mp3 */,
				60E943A21E806D9B005E45DB /* Trivia.mp3 */,
			);
			name = Backgrounds;
			sourceTree = "<group>";
		};
		60E943951E8064B0005E45DB /* Collisions */ = {
			isa = PBXGroup;
			children = (
				60E943961E806CC2005E45DB /* Fight.mp3 */,
				60E943971E806CC2005E45DB /* Texas.mp3 */,
				60E943991E806CC2005E45DB /* points.mp3 */,
				D28DBA311E789AD70022F131 /* Explosion.sks */,
				D28DBA4D1E7A635B0022F131 /* explosion.mp3 */,
				D28DBA521E7A69060022F131 /* MagicField.sks */,
			);
			name = Collisions;
			sourceTree = "<group>";
		};
		60E943A81E81A0BC005E45DB /* GameRules */ = {
			isa = PBXGroup;
			children = (
				60E943AD1E81A110005E45DB /* GameRules.swift */,
				60E943A91E81A0D7005E45DB /* GameRules.sks */,
			);
			name = GameRules;
			sourceTree = "<group>";
		};
		60E943AF1E81A9D3005E45DB /* ChangeCharacter */ = {
			isa = PBXGroup;
			children = (
				60E943B01E81A9E6005E45DB /* ChangeCharacter.swift */,
				60E943B21E81A9F0005E45DB /* ChangeCharacter.sks */,
			);
			name = ChangeCharacter;
			sourceTree = "<group>";
		};
		BF789FB51E7F319700157751 /* Register */ = {
			isa = PBXGroup;
			children = (
				BF0CB8421E789ECE009E3F7F /* RegisterViewController.swift */,
			);
			name = Register;
			sourceTree = "<group>";
		};
		BF845C4B1E80433C00FA20DB /* Trivia */ = {
			isa = PBXGroup;
			children = (
				BF845C4C1E80435100FA20DB /* TriviaViewController.swift */,
				BF7E22FE1E84737F001FA179 /* Trivia.sks */,
				BF7E23001E8474E3001FA179 /* Trivia.swift */,
			);
			name = Trivia;
			sourceTree = "<group>";
		};
		BFA089081E7B0CBE00ECCF3A /* Login */ = {
			isa = PBXGroup;
			children = (
				BF0CB8401E789A79009E3F7F /* LoginViewController.swift */,
			);
			name = Login;
			sourceTree = "<group>";
		};
		D2859AFB1E837798000F7679 /* Level Completed */ = {
			isa = PBXGroup;
			children = (
				D2859B071E837898000F7679 /* LevelCompleted.swift */,
				D2859AFF1E8377E6000F7679 /* LevelCompleted.sks */,
			);
			name = "Level Completed";
			sourceTree = "<group>";
		};
		D2859AFC1E8377A1000F7679 /* Congratulations */ = {
			isa = PBXGroup;
			children = (
				D2859B051E837881000F7679 /* Congratulations.swift */,
				D2859AFD1E8377CB000F7679 /* Congratulations.sks */,
			);
			name = Congratulations;
			sourceTree = "<group>";
		};
		D28DBA071E721EFC0022F131 = {
			isa = PBXGroup;
			children = (
				D28DBA121E721EFC0022F131 /* RunBevoRun */,
				D28DBA111E721EFC0022F131 /* Products */,
			);
			sourceTree = "<group>";
		};
		D28DBA111E721EFC0022F131 /* Products */ = {
			isa = PBXGroup;
			children = (
				D28DBA101E721EFC0022F131 /* RunBevoRun.app */,
			);
			name = Products;
			sourceTree = "<group>";
		};
		D28DBA121E721EFC0022F131 /* RunBevoRun */ = {
			isa = PBXGroup;
			children = (
				D28DBA131E721EFC0022F131 /* AppDelegate.swift */,
				D28DBA1B1E721EFC0022F131 /* GameViewController.swift */,
				D28DBA4F1E7A63690022F131 /* Special Effects */,
				D28DBA431E78EE4B0022F131 /* Player */,
				D28DBA381E78D9B20022F131 /* Classes */,
				D28DBA371E78D9800022F131 /* Scenes */,
				D28DBA1D1E721EFC0022F131 /* Main.storyboard */,
				D28DBA201E721EFC0022F131 /* Assets.xcassets */,
				D28DBA221E721EFC0022F131 /* LaunchScreen.storyboard */,
				D28DBA251E721EFC0022F131 /* Info.plist */,
			);
			path = RunBevoRun;
			sourceTree = "<group>";
		};
		D28DBA371E78D9800022F131 /* Scenes */ = {
			isa = PBXGroup;
			children = (
				D2859AFC1E8377A1000F7679 /* Congratulations */,
				D28DBA501E7A652D0022F131 /* GameOver */,
				D2859AFB1E837798000F7679 /* Level Completed */,
				60E943AF1E81A9D3005E45DB /* ChangeCharacter */,
				D28DBA391E78DFA20022F131 /* GameScenes */,
				BF845C4B1E80433C00FA20DB /* Trivia */,
				BF789FB51E7F319700157751 /* Register */,
				BFA089081E7B0CBE00ECCF3A /* Login */,
				D28DBA511E7A65380022F131 /* MainMenu */,
				60E943A81E81A0BC005E45DB /* GameRules */,
			);
			name = Scenes;
			sourceTree = "<group>";
		};
		D28DBA381E78D9B20022F131 /* Classes */ = {
			isa = PBXGroup;
			children = (
				D28DBA401E78EB6D0022F131 /* Player Classes */,
				D28DBA3A1E78DFB40022F131 /* Background & Ground Classes */,
				D28DBA481E79E8090022F131 /* Item Classes */,
				D28DBA3F1E78EB600022F131 /* Scene Classes */,
			);
			name = Classes;
			sourceTree = "<group>";
		};
		D28DBA391E78DFA20022F131 /* GameScenes */ = {
			isa = PBXGroup;
			children = (
				D28DBA191E721EFC0022F131 /* GameScene.swift */,
				D28DBA151E721EFC0022F131 /* GameScene.sks */,
			);
			name = GameScenes;
			sourceTree = "<group>";
		};
		D28DBA3A1E78DFB40022F131 /* Background & Ground Classes */ = {
			isa = PBXGroup;
			children = (
				D28DBA3B1E78E0060022F131 /* BackgroundClass.swift */,
				D28DBA3D1E78E4E60022F131 /* GroundClass.swift */,
			);
			name = "Background & Ground Classes";
			sourceTree = "<group>";
		};
		D28DBA3F1E78EB600022F131 /* Scene Classes */ = {
			isa = PBXGroup;
			children = (
			);
			name = "Scene Classes";
			sourceTree = "<group>";
		};
		D28DBA401E78EB6D0022F131 /* Player Classes */ = {
			isa = PBXGroup;
			children = (
				D28DBA411E78EB830022F131 /* Player.swift */,
			);
			name = "Player Classes";
			sourceTree = "<group>";
		};
		D28DBA431E78EE4B0022F131 /* Player */ = {
			isa = PBXGroup;
			children = (
				607D540D1E85B6B2005AA131 /* bevo1.png */,
				607D540E1E85B6B2005AA131 /* bevo2.png */,
				607D540F1E85B6B2005AA131 /* bevo3.png */,
			);
			name = Player;
			sourceTree = "<group>";
		};
		D28DBA481E79E8090022F131 /* Item Classes */ = {
			isa = PBXGroup;
			children = (
				D28DBA491E79E81D0022F131 /* ItemClass.swift */,
				D28DBA4B1E7A5CD60022F131 /* PlatformClass.swift */,
			);
			name = "Item Classes";
			sourceTree = "<group>";
		};
		D28DBA4F1E7A63690022F131 /* Special Effects */ = {
			isa = PBXGroup;
			children = (
				60E943951E8064B0005E45DB /* Collisions */,
				60E943941E806477005E45DB /* Backgrounds */,
				60E943931E80646F005E45DB /* Character */,
			);
			name = "Special Effects";
			sourceTree = "<group>";
		};
		D28DBA501E7A652D0022F131 /* GameOver */ = {
			isa = PBXGroup;
			children = (
				60E943B41E81B20A005E45DB /* GameOver.swift */,
				60E943AB1E81A0F5005E45DB /* GameOver.sks */,
			);
			name = GameOver;
			sourceTree = "<group>";
		};
		D28DBA511E7A65380022F131 /* MainMenu */ = {
			isa = PBXGroup;
			children = (
				D28DBA2D1E771D910022F131 /* MainMenu.swift */,
				D28DBA2B1E771B8C0022F131 /* MainMenu.sks */,
			);
			name = MainMenu;
			sourceTree = "<group>";
		};
/* End PBXGroup section */

/* Begin PBXNativeTarget section */
		D28DBA0F1E721EFC0022F131 /* RunBevoRun */ = {
			isa = PBXNativeTarget;
			buildConfigurationList = D28DBA281E721EFC0022F131 /* Build configuration list for PBXNativeTarget "RunBevoRun" */;
			buildPhases = (
				D28DBA0C1E721EFC0022F131 /* Sources */,
				D28DBA0D1E721EFC0022F131 /* Frameworks */,
				D28DBA0E1E721EFC0022F131 /* Resources */,
			);
			buildRules = (
			);
			dependencies = (
			);
			name = RunBevoRun;
			productName = RunBevoRun;
			productReference = D28DBA101E721EFC0022F131 /* RunBevoRun.app */;
			productType = "com.apple.product-type.application";
		};
/* End PBXNativeTarget section */

/* Begin PBXProject section */
		D28DBA081E721EFC0022F131 /* Project object */ = {
			isa = PBXProject;
			attributes = {
				LastSwiftUpdateCheck = 0820;
				LastUpgradeCheck = 0820;
				ORGANIZATIONNAME = Chiquini;
				TargetAttributes = {
					D28DBA0F1E721EFC0022F131 = {
						CreatedOnToolsVersion = 8.2.1;
						ProvisioningStyle = Automatic;
					};
				};
			};
			buildConfigurationList = D28DBA0B1E721EFC0022F131 /* Build configuration list for PBXProject "RunBevoRun" */;
			compatibilityVersion = "Xcode 3.2";
			developmentRegion = English;
			hasScannedForEncodings = 0;
			knownRegions = (
				en,
				Base,
			);
			mainGroup = D28DBA071E721EFC0022F131;
			productRefGroup = D28DBA111E721EFC0022F131 /* Products */;
			projectDirPath = "";
			projectRoot = "";
			targets = (
				D28DBA0F1E721EFC0022F131 /* RunBevoRun */,
			);
		};
/* End PBXProject section */

/* Begin PBXResourcesBuildPhase section */
		D28DBA0E1E721EFC0022F131 /* Resources */ = {
			isa = PBXResourcesBuildPhase;
			buildActionMask = 2147483647;
			files = (
				60E9439C1E806CC2005E45DB /* jumping.mp3 in Resources */,
				60E943B31E81A9F0005E45DB /* ChangeCharacter.sks in Resources */,
				60E9439D1E806CC2005E45DB /* points.mp3 in Resources */,
				607D54121E85B6B2005AA131 /* bevo3.png in Resources */,
				D28DBA1F1E721EFC0022F131 /* Main.storyboard in Resources */,
				60E943A71E806DEA005E45DB /* MainMenu.mp3 in Resources */,
				60E943A31E806D9B005E45DB /* GameScene.mp3 in Resources */,
				60E943AA1E81A0D7005E45DB /* GameRules.sks in Resources */,
				D28DBA531E7A69060022F131 /* MagicField.sks in Resources */,
				D28DBA2C1E771B8C0022F131 /* MainMenu.sks in Resources */,
				BF7E22FF1E84737F001FA179 /* Trivia.sks in Resources */,
				D28DBA161E721EFC0022F131 /* GameScene.sks in Resources */,
				60E9439A1E806CC2005E45DB /* Fight.mp3 in Resources */,
				D28DBA211E721EFC0022F131 /* Assets.xcassets in Resources */,
				607D54101E85B6B2005AA131 /* bevo1.png in Resources */,
				60E943AC1E81A0F5005E45DB /* GameOver.sks in Resources */,
				607D54111E85B6B2005AA131 /* bevo2.png in Resources */,
				D28DBA4E1E7A635B0022F131 /* explosion.mp3 in Resources */,
				D28DBA241E721EFC0022F131 /* LaunchScreen.storyboard in Resources */,
				D28DBA321E789AD70022F131 /* Explosion.sks in Resources */,
				D2859AFE1E8377CB000F7679 /* Congratulations.sks in Resources */,
				60E943A51E806D9B005E45DB /* Trivia.mp3 in Resources */,
				60E9439B1E806CC2005E45DB /* Texas.mp3 in Resources */,
				D2859B001E8377E6000F7679 /* LevelCompleted.sks in Resources */,
			);
			runOnlyForDeploymentPostprocessing = 0;
		};
/* End PBXResourcesBuildPhase section */

/* Begin PBXSourcesBuildPhase section */
		D28DBA0C1E721EFC0022F131 /* Sources */ = {
			isa = PBXSourcesBuildPhase;
			buildActionMask = 2147483647;
			files = (
				D28DBA421E78EB830022F131 /* Player.swift in Sources */,
				D2859B061E837881000F7679 /* Congratulations.swift in Sources */,
				BF845C4D1E80435100FA20DB /* TriviaViewController.swift in Sources */,
				BF0CB8411E789A79009E3F7F /* LoginViewController.swift in Sources */,
				60E943B11E81A9E6005E45DB /* ChangeCharacter.swift in Sources */,
				D28DBA1A1E721EFC0022F131 /* GameScene.swift in Sources */,
				D28DBA1C1E721EFC0022F131 /* GameViewController.swift in Sources */,
				D28DBA3E1E78E4E60022F131 /* GroundClass.swift in Sources */,
				D2859B081E837898000F7679 /* LevelCompleted.swift in Sources */,
				BF0CB8431E789ECE009E3F7F /* RegisterViewController.swift in Sources */,
				BF7E23011E8474E3001FA179 /* Trivia.swift in Sources */,
				60E943B51E81B20A005E45DB /* GameOver.swift in Sources */,
				D28DBA141E721EFC0022F131 /* AppDelegate.swift in Sources */,
				D28DBA4A1E79E81D0022F131 /* ItemClass.swift in Sources */,
				D28DBA2E1E771D910022F131 /* MainMenu.swift in Sources */,
				D28DBA3C1E78E0060022F131 /* BackgroundClass.swift in Sources */,
				D28DBA4C1E7A5CD60022F131 /* PlatformClass.swift in Sources */,
				60E943AE1E81A110005E45DB /* GameRules.swift in Sources */,
			);
			runOnlyForDeploymentPostprocessing = 0;
		};
/* End PBXSourcesBuildPhase section */

/* Begin PBXVariantGroup section */
		D28DBA1D1E721EFC0022F131 /* Main.storyboard */ = {
			isa = PBXVariantGroup;
			children = (
				D28DBA1E1E721EFC0022F131 /* Base */,
			);
			name = Main.storyboard;
			sourceTree = "<group>";
		};
		D28DBA221E721EFC0022F131 /* LaunchScreen.storyboard */ = {
			isa = PBXVariantGroup;
			children = (
				D28DBA231E721EFC0022F131 /* Base */,
			);
			name = LaunchScreen.storyboard;
			sourceTree = "<group>";
		};
/* End PBXVariantGroup section */

/* Begin XCBuildConfiguration section */
		D28DBA261E721EFC0022F131 /* Debug */ = {
			isa = XCBuildConfiguration;
			buildSettings = {
				ALWAYS_SEARCH_USER_PATHS = NO;
				CLANG_ANALYZER_NONNULL = YES;
				CLANG_CXX_LANGUAGE_STANDARD = "gnu++0x";
				CLANG_CXX_LIBRARY = "libc++";
				CLANG_ENABLE_MODULES = YES;
				CLANG_ENABLE_OBJC_ARC = YES;
				CLANG_WARN_BOOL_CONVERSION = YES;
				CLANG_WARN_CONSTANT_CONVERSION = YES;
				CLANG_WARN_DIRECT_OBJC_ISA_USAGE = YES_ERROR;
				CLANG_WARN_DOCUMENTATION_COMMENTS = YES;
				CLANG_WARN_EMPTY_BODY = YES;
				CLANG_WARN_ENUM_CONVERSION = YES;
				CLANG_WARN_INFINITE_RECURSION = YES;
				CLANG_WARN_INT_CONVERSION = YES;
				CLANG_WARN_OBJC_ROOT_CLASS = YES_ERROR;
				CLANG_WARN_SUSPICIOUS_MOVE = YES;
				CLANG_WARN_UNREACHABLE_CODE = YES;
				CLANG_WARN__DUPLICATE_METHOD_MATCH = YES;
				"CODE_SIGN_IDENTITY[sdk=iphoneos*]" = "iPhone Developer";
				COPY_PHASE_STRIP = NO;
				DEBUG_INFORMATION_FORMAT = dwarf;
				ENABLE_STRICT_OBJC_MSGSEND = YES;
				ENABLE_TESTABILITY = YES;
				GCC_C_LANGUAGE_STANDARD = gnu99;
				GCC_DYNAMIC_NO_PIC = NO;
				GCC_NO_COMMON_BLOCKS = YES;
				GCC_OPTIMIZATION_LEVEL = 0;
				GCC_PREPROCESSOR_DEFINITIONS = (
					"DEBUG=1",
					"$(inherited)",
				);
				GCC_WARN_64_TO_32_BIT_CONVERSION = YES;
				GCC_WARN_ABOUT_RETURN_TYPE = YES_ERROR;
				GCC_WARN_UNDECLARED_SELECTOR = YES;
				GCC_WARN_UNINITIALIZED_AUTOS = YES_AGGRESSIVE;
				GCC_WARN_UNUSED_FUNCTION = YES;
				GCC_WARN_UNUSED_VARIABLE = YES;
				IPHONEOS_DEPLOYMENT_TARGET = 10.2;
				MTL_ENABLE_DEBUG_INFO = YES;
				ONLY_ACTIVE_ARCH = YES;
				SDKROOT = iphoneos;
				SWIFT_ACTIVE_COMPILATION_CONDITIONS = DEBUG;
				SWIFT_OPTIMIZATION_LEVEL = "-Onone";
			};
			name = Debug;
		};
		D28DBA271E721EFC0022F131 /* Release */ = {
			isa = XCBuildConfiguration;
			buildSettings = {
				ALWAYS_SEARCH_USER_PATHS = NO;
				CLANG_ANALYZER_NONNULL = YES;
				CLANG_CXX_LANGUAGE_STANDARD = "gnu++0x";
				CLANG_CXX_LIBRARY = "libc++";
				CLANG_ENABLE_MODULES = YES;
				CLANG_ENABLE_OBJC_ARC = YES;
				CLANG_WARN_BOOL_CONVERSION = YES;
				CLANG_WARN_CONSTANT_CONVERSION = YES;
				CLANG_WARN_DIRECT_OBJC_ISA_USAGE = YES_ERROR;
				CLANG_WARN_DOCUMENTATION_COMMENTS = YES;
				CLANG_WARN_EMPTY_BODY = YES;
				CLANG_WARN_ENUM_CONVERSION = YES;
				CLANG_WARN_INFINITE_RECURSION = YES;
				CLANG_WARN_INT_CONVERSION = YES;
				CLANG_WARN_OBJC_ROOT_CLASS = YES_ERROR;
				CLANG_WARN_SUSPICIOUS_MOVE = YES;
				CLANG_WARN_UNREACHABLE_CODE = YES;
				CLANG_WARN__DUPLICATE_METHOD_MATCH = YES;
				"CODE_SIGN_IDENTITY[sdk=iphoneos*]" = "iPhone Developer";
				COPY_PHASE_STRIP = NO;
				DEBUG_INFORMATION_FORMAT = "dwarf-with-dsym";
				ENABLE_NS_ASSERTIONS = NO;
				ENABLE_STRICT_OBJC_MSGSEND = YES;
				GCC_C_LANGUAGE_STANDARD = gnu99;
				GCC_NO_COMMON_BLOCKS = YES;
				GCC_WARN_64_TO_32_BIT_CONVERSION = YES;
				GCC_WARN_ABOUT_RETURN_TYPE = YES_ERROR;
				GCC_WARN_UNDECLARED_SELECTOR = YES;
				GCC_WARN_UNINITIALIZED_AUTOS = YES_AGGRESSIVE;
				GCC_WARN_UNUSED_FUNCTION = YES;
				GCC_WARN_UNUSED_VARIABLE = YES;
				IPHONEOS_DEPLOYMENT_TARGET = 10.2;
				MTL_ENABLE_DEBUG_INFO = NO;
				SDKROOT = iphoneos;
				SWIFT_OPTIMIZATION_LEVEL = "-Owholemodule";
				VALIDATE_PRODUCT = YES;
			};
			name = Release;
		};
		D28DBA291E721EFC0022F131 /* Debug */ = {
			isa = XCBuildConfiguration;
			buildSettings = {
				ASSETCATALOG_COMPILER_APPICON_NAME = AppIcon;
				INFOPLIST_FILE = RunBevoRun/Info.plist;
				LD_RUNPATH_SEARCH_PATHS = "$(inherited) @executable_path/Frameworks";
				PRODUCT_BUNDLE_IDENTIFIER = com.patriziochiquini.RunBevoRun;
				PRODUCT_NAME = "$(TARGET_NAME)";
				SWIFT_VERSION = 3.0;
			};
			name = Debug;
		};
		D28DBA2A1E721EFC0022F131 /* Release */ = {
			isa = XCBuildConfiguration;
			buildSettings = {
				ASSETCATALOG_COMPILER_APPICON_NAME = AppIcon;
				INFOPLIST_FILE = RunBevoRun/Info.plist;
				LD_RUNPATH_SEARCH_PATHS = "$(inherited) @executable_path/Frameworks";
				PRODUCT_BUNDLE_IDENTIFIER = com.patriziochiquini.RunBevoRun;
				PRODUCT_NAME = "$(TARGET_NAME)";
				SWIFT_VERSION = 3.0;
			};
			name = Release;
		};
/* End XCBuildConfiguration section */

/* Begin XCConfigurationList section */
		D28DBA0B1E721EFC0022F131 /* Build configuration list for PBXProject "RunBevoRun" */ = {
			isa = XCConfigurationList;
			buildConfigurations = (
				D28DBA261E721EFC0022F131 /* Debug */,
				D28DBA271E721EFC0022F131 /* Release */,
			);
			defaultConfigurationIsVisible = 0;
			defaultConfigurationName = Release;
		};
		D28DBA281E721EFC0022F131 /* Build configuration list for PBXNativeTarget "RunBevoRun" */ = {
			isa = XCConfigurationList;
			buildConfigurations = (
				D28DBA291E721EFC0022F131 /* Debug */,
				D28DBA2A1E721EFC0022F131 /* Release */,
			);
			defaultConfigurationIsVisible = 0;
			defaultConfigurationName = Release;
		};
/* End XCConfigurationList section */
	};
	rootObject = D28DBA081E721EFC0022F131 /* Project object */;
}
